{
    "version": 4,
    "terraform_version": "1.5.7",
    "serial": 13,
    "lineage": "5a191030-0a2c-b140-02ce-4b35f98764e4",
    "outputs": {},
    "resources": [
      {
        "mode": "data",
        "type": "google_client_config",
        "name": "default",
        "provider": "provider[\"registry.terraform.io/hashicorp/google\"]",
        "instances": [
          {
            "schema_version": 0,
            "attributes": {
              "access_token": "ya29.a0AXeO80TQ0sOmqBVhOqLfJoJ4rN4Lsh87m0IdngQswBTABMNgfnktOb2YVFF7HCOxcZMPsrJ429ErIUDiZZ4DTX19pWu-UEbvQRn2pTIYswrE5EKFHoLcRxeZ-ztQaVoBxqMDB7guiQnIQsUrrSg98maExjt83vNUsNL4qsWvdzIQKXgrc91coDfnk4_yjchUtWBdb8-nX451kd04S2g96b25WuQXpSfDCQ1ZEuPyaXkCSaOPbAmoONoSFjfCn5hoh7kdzCZf-Wlegzw7prSZhfXDkSNlIZ2rEOqthFPs9mAPEYyvXjzh5gZjyW_zd6N9wePUNti1GxVvI9X_hAnQuIhuCdwctW0FalkHUPIraPTCi2Gd0Dv9FnKj_hWubdFCqZ963JqGLzS3Y0FbTL4LAqRqEcE7IIOeElIaCgYKAfYSARISFQHGX2MiPccuqLyfkmBaT8DuE1P_tw0426",
              "id": "projects/\"tp5-devops-dauphine\"/regions/\"us-central1\"/zones/\"us-central1-a\"",
              "project": "tp5-devops-dauphine",
              "region": "us-central1",
              "zone": "us-central1-a"
            },
            "sensitive_attributes": []
          }
        ]
      },
      {
        "mode": "data",
        "type": "google_container_cluster",
        "name": "my_cluster",
        "provider": "provider[\"registry.terraform.io/hashicorp/google\"]",
        "instances": [
          {
            "schema_version": 0,
            "attributes": {
              "addons_config": [
                {
                  "cloudrun_config": [],
                  "config_connector_config": [],
                  "dns_cache_config": [],
                  "gce_persistent_disk_csi_driver_config": [
                    {
                      "enabled": true
                    }
                  ],
                  "gcp_filestore_csi_driver_config": [],
                  "gcs_fuse_csi_driver_config": [],
                  "gke_backup_agent_config": [],
                  "horizontal_pod_autoscaling": [],
                  "http_load_balancing": [],
                  "network_policy_config": [
                    {
                      "disabled": true
                    }
                  ]
                }
              ],
              "allow_net_admin": null,
              "authenticator_groups_config": [],
              "binary_authorization": [],
              "cluster_autoscaling": [
                {
                  "auto_provisioning_defaults": [],
                  "enabled": false,
                  "resource_limits": []
                }
              ],
              "cluster_ipv4_cidr": "10.104.0.0/14",
              "confidential_nodes": [],
              "cost_management_config": [],
              "database_encryption": [
                {
                  "key_name": "",
                  "state": "DECRYPTED"
                }
              ],
              "datapath_provider": "",
              "default_max_pods_per_node": 110,
              "default_snat_status": [],
              "description": "",
              "dns_config": [],
              "enable_autopilot": false,
              "enable_binary_authorization": false,
              "enable_intranode_visibility": false,
              "enable_k8s_beta_apis": [],
              "enable_kubernetes_alpha": false,
              "enable_l4_ilb_subsetting": false,
              "enable_legacy_abac": false,
              "enable_shielded_nodes": true,
              "enable_tpu": false,
              "endpoint": "34.121.113.135",
              "gateway_api_config": [],
              "id": "projects/tp5-devops-dauphine/locations/us-central1-a/clusters/gke-dauphine",
              "initial_node_count": 0,
              "ip_allocation_policy": [
                {
                  "additional_pod_ranges_config": [],
                  "cluster_ipv4_cidr_block": "10.104.0.0/14",
                  "cluster_secondary_range_name": "gke-gke-dauphine-pods-9c5f75a7",
                  "pod_cidr_overprovision_config": [
                    {
                      "disabled": false
                    }
                  ],
                  "services_ipv4_cidr_block": "34.118.224.0/20",
                  "services_secondary_range_name": "",
                  "stack_type": "IPV4"
                }
              ],
              "label_fingerprint": "a9dc16a7",
              "location": "us-central1-a",
              "logging_config": [
                {
                  "enable_components": [
                    "SYSTEM_COMPONENTS",
                    "WORKLOADS"
                  ]
                }
              ],
              "logging_service": "logging.googleapis.com/kubernetes",
              "maintenance_policy": [],
              "master_auth": [
                {
                  "client_certificate": "",
                  "client_certificate_config": [
                    {
                      "issue_client_certificate": false
                    }
                  ],
                  "client_key": "",
                  "cluster_ca_certificate": "LS0tLS1CRUdJTiBDRVJUSUZJQ0FURS0tLS0tCk1JSUVMRENDQXBTZ0F3SUJBZ0lRTElteE5XL0pkN1Q1U0htZk05Smc0VEFOQmdrcWhraUc5dzBCQVFzRkFEQXYKTVMwd0t3WURWUVFERXlRMk5ERmpZVEE0TkMxbVltWmhMVFJoWTJVdE9HSTFaQzAxWm1RNU1Ua3daV0ZqTWpNdwpJQmNOTWpVd01UTXdNRFkxTlRReFdoZ1BNakExTlRBeE1qTXdOelUxTkRGYU1DOHhMVEFyQmdOVkJBTVRKRFkwCk1XTmhNRGcwTFdaaVptRXROR0ZqWlMwNFlqVmtMVFZtWkRreE9UQmxZV015TXpDQ0FhSXdEUVlKS29aSWh2Y04KQVFFQkJRQURnZ0dQQURDQ0FZb0NnZ0dCQU00Q0N1eWNBNFBRK2dISEtnN0s0MXJWQklIOFQvQlM3VGl3Q0lFdQpaM1BZN3BRd3Fmc1FCZFF2R3grV2FQbnljb2ZHR2crNUg0RE04cXkzRjhGUTIwSDk4YVVyYU8wcTVXZm0wamY5CmE4RE5XbExSMW0vemRsTk5oZXA0Y3FTTHA2TVFZUGdENUliZGxCYzdDcVpDRU83MG5YUEE4RjA3d3dNVnV6QlgKLy9hNFhZU0huQm5CeDh6Q3hVL0w4TGdoL29IN2JFVURMZlVzbk9BSjdleWwyYTRaeFNLODRXZFl6V0lIMkhzagpQbmNxMmFaMHQrekUzT0gvR2RtTDUvYkREcU94TDcxS200ZTRQc0RBQmVxWHdqUlFhU2dPOEVFK0lyYllDdm9sCk41ZTZmVFZPMEJCbDdsWVFKYnI0WGxmWWJMR2JWcjFUclFBQ3h4MTlMS1hMMVJCa0tqQjNscTVZT3g2R253ekcKUDVpb29jUXdQMXFRYjhhaHA5b3hwU0Z3TkloT2ZqcGtkVTRyeU0rVEZ1WDFWd2RMd2tUZTVXb3RJRFQ3QWtITgowNkNOT2xRUWZmTzMzRG1FQ05hRnkxcGlCalVtMFY0b3BUQ0pZc3hodGhCeFp3SGRoU0FVcDJPM0UwTUxVL0RoCi9HUU8rYkpOckt6VnhQYWRRK0dmVUpCYUVRSURBUUFCbzBJd1FEQU9CZ05WSFE4QkFmOEVCQU1DQWdRd0R3WUQKVlIwVEFRSC9CQVV3QXdFQi96QWRCZ05WSFE0RUZnUVViWExPSVNJVUsvYithRmlUbDlkZ2Z1eXlrQ0V3RFFZSgpLb1pJaHZjTkFRRUxCUUFEZ2dHQkFJTVRJM0VoUmwrbGgzbzdST25SZkpsVjBoUFowSG9tSndLeHRNYmIySjloCnRTR2lFWFVObWNHaUhQeW5OeGJJWHNYWVl2RXdKeG4xZkw4UzAzL3dNQ2lvcUlKaXVOMTdHbEdlcnNPRmwwTnIKQno1Yk1NNlVJcWtQWGZQTTVYZWU0cVF0cjV3YU9nWE9NOFMycXVTdm9uZGt1OUxoQk5RSFRZMVJaZEIyQ09wagpxMms0TmJrMkt5dmZxQzIvYzdVd3ZpUDZCUm5wTkhiSHh5Q0pGN1lzNXVGdG9keUxMK1A4SVkxbVlnaE9ML1FGCjFYWGlDMURVaUZkY3ZCby9OaHhndUZjYUh3Y2Q3cGVrZ3FLQjZzQ1BMekZpQWY3NFhjdTVGeWkwYW02S0JnRHMKUDhHUlRQbXY5eDBxY3BWSldEUnp6a2xZY2E0WFl0NVVTS2ZETCs2UER2R3BkTnFsNFJIc2F1S0RuWUJ5WVFmNwp5LzJ4c2tPaHlXdUJPbGhIOGdJUkhzTkt0L1lkSkxnbHFtaEJtcWNPTmovUU1DZ2p4OFhhaGp6endhb3FFWHFWCi9WZW1EUVlVYnhwQjdzVkxTenVVWURuT25zWW5EODQwYU5NNDRndDdhK1VpMGJnaXF3N1paRDlSZ2IvaFlQNHcKS0N2MUdRQTArdkYrTUg4dWY4Y0pBUT09Ci0tLS0tRU5EIENFUlRJRklDQVRFLS0tLS0K"
                }
              ],
              "master_authorized_networks_config": [],
              "master_version": "1.31.4-gke.1183000",
              "mesh_certificates": [],
              "min_master_version": null,
              "monitoring_config": [
                {
                  "advanced_datapath_observability_config": [
                    {
                      "enable_metrics": false,
                      "relay_mode": ""
                    }
                  ],
                  "enable_components": [
                    "SYSTEM_COMPONENTS",
                    "STORAGE",
                    "HPA",
                    "POD",
                    "DAEMONSET",
                    "DEPLOYMENT",
                    "STATEFULSET",
                    "CADVISOR",
                    "KUBELET"
                  ],
                  "managed_prometheus": [
                    {
                      "enabled": true
                    }
                  ]
                }
              ],
              "monitoring_service": "monitoring.googleapis.com/kubernetes",
              "name": "gke-dauphine",
              "network": "projects/tp5-devops-dauphine/global/networks/default",
              "network_policy": [
                {
                  "enabled": false,
                  "provider": "PROVIDER_UNSPECIFIED"
                }
              ],
              "networking_mode": "VPC_NATIVE",
              "node_config": [
                {
                  "advanced_machine_features": [],
                  "boot_disk_kms_key": "",
                  "confidential_nodes": [],
                  "disk_size_gb": 100,
                  "disk_type": "pd-balanced",
                  "ephemeral_storage_local_ssd_config": [],
                  "fast_socket": [],
                  "gcfs_config": [],
                  "guest_accelerator": [],
                  "gvnic": [],
                  "host_maintenance_policy": [],
                  "image_type": "COS_CONTAINERD",
                  "kubelet_config": [
                    {
                      "cpu_cfs_quota": false,
                      "cpu_cfs_quota_period": "",
                      "cpu_manager_policy": "",
                      "pod_pids_limit": 0
                    }
                  ],
                  "labels": {},
                  "linux_node_config": [],
                  "local_nvme_ssd_block_config": [],
                  "local_ssd_count": 0,
                  "logging_variant": "DEFAULT",
                  "machine_type": "e2-standard-2",
                  "metadata": {
                    "disable-legacy-endpoints": "true"
                  },
                  "min_cpu_platform": "",
                  "node_group": "",
                  "oauth_scopes": [
                    "https://www.googleapis.com/auth/devstorage.read_only",
                    "https://www.googleapis.com/auth/logging.write",
                    "https://www.googleapis.com/auth/monitoring",
                    "https://www.googleapis.com/auth/service.management.readonly",
                    "https://www.googleapis.com/auth/servicecontrol",
                    "https://www.googleapis.com/auth/trace.append"
                  ],
                  "preemptible": false,
                  "reservation_affinity": [],
                  "resource_labels": {},
                  "service_account": "default",
                  "shielded_instance_config": [
                    {
                      "enable_integrity_monitoring": true,
                      "enable_secure_boot": false
                    }
                  ],
                  "sole_tenant_config": [],
                  "spot": false,
                  "tags": [],
                  "taint": [],
                  "workload_metadata_config": []
                }
              ],
              "node_locations": [],
              "node_pool": [
                {
                  "autoscaling": [],
                  "initial_node_count": 2,
                  "instance_group_urls": [
                    "https://www.googleapis.com/compute/v1/projects/tp5-devops-dauphine/zones/us-central1-a/instanceGroupManagers/gke-gke-dauphine-default-pool-f7af1e3c-grp"
                  ],
                  "managed_instance_group_urls": [
                    "https://www.googleapis.com/compute/v1/projects/tp5-devops-dauphine/zones/us-central1-a/instanceGroups/gke-gke-dauphine-default-pool-f7af1e3c-grp"
                  ],
                  "management": [
                    {
                      "auto_repair": true,
                      "auto_upgrade": true
                    }
                  ],
                  "max_pods_per_node": 110,
                  "name": "default-pool",
                  "name_prefix": "",
                  "network_config": [
                    {
                      "create_pod_range": false,
                      "enable_private_nodes": false,
                      "pod_cidr_overprovision_config": [],
                      "pod_ipv4_cidr_block": "10.104.0.0/14",
                      "pod_range": "gke-gke-dauphine-pods-9c5f75a7"
                    }
                  ],
                  "node_config": [
                    {
                      "advanced_machine_features": [],
                      "boot_disk_kms_key": "",
                      "confidential_nodes": [],
                      "disk_size_gb": 100,
                      "disk_type": "pd-balanced",
                      "ephemeral_storage_local_ssd_config": [],
                      "fast_socket": [],
                      "gcfs_config": [],
                      "guest_accelerator": [],
                      "gvnic": [],
                      "host_maintenance_policy": [],
                      "image_type": "COS_CONTAINERD",
                      "kubelet_config": [
                        {
                          "cpu_cfs_quota": false,
                          "cpu_cfs_quota_period": "",
                          "cpu_manager_policy": "",
                          "pod_pids_limit": 0
                        }
                      ],
                      "labels": {},
                      "linux_node_config": [],
                      "local_nvme_ssd_block_config": [],
                      "local_ssd_count": 0,
                      "logging_variant": "DEFAULT",
                      "machine_type": "e2-standard-2",
                      "metadata": {
                        "disable-legacy-endpoints": "true"
                      },
                      "min_cpu_platform": "",
                      "node_group": "",
                      "oauth_scopes": [
                        "https://www.googleapis.com/auth/devstorage.read_only",
                        "https://www.googleapis.com/auth/logging.write",
                        "https://www.googleapis.com/auth/monitoring",
                        "https://www.googleapis.com/auth/service.management.readonly",
                        "https://www.googleapis.com/auth/servicecontrol",
                        "https://www.googleapis.com/auth/trace.append"
                      ],
                      "preemptible": false,
                      "reservation_affinity": [],
                      "resource_labels": {},
                      "service_account": "default",
                      "shielded_instance_config": [
                        {
                          "enable_integrity_monitoring": true,
                          "enable_secure_boot": false
                        }
                      ],
                      "sole_tenant_config": [],
                      "spot": false,
                      "tags": [],
                      "taint": [],
                      "workload_metadata_config": []
                    }
                  ],
                  "node_count": 2,
                  "node_locations": [
                    "us-central1-a"
                  ],
                  "placement_policy": [],
                  "upgrade_settings": [
                    {
                      "blue_green_settings": [],
                      "max_surge": 1,
                      "max_unavailable": 0,
                      "strategy": "SURGE"
                    }
                  ],
                  "version": "1.31.4-gke.1183000"
                }
              ],
              "node_pool_auto_config": [],
              "node_pool_defaults": [
                {
                  "node_config_defaults": [
                    {
                      "logging_variant": "DEFAULT"
                    }
                  ]
                }
              ],
              "node_version": "1.31.4-gke.1183000",
              "notification_config": [
                {
                  "pubsub": [
                    {
                      "enabled": false,
                      "filter": [],
                      "topic": ""
                    }
                  ]
                }
              ],
              "operation": null,
              "private_cluster_config": [
                {
                  "enable_private_endpoint": false,
                  "enable_private_nodes": false,
                  "master_global_access_config": [
                    {
                      "enabled": false
                    }
                  ],
                  "master_ipv4_cidr_block": "",
                  "peering_name": "",
                  "private_endpoint": "10.128.0.10",
                  "private_endpoint_subnetwork": "",
                  "public_endpoint": "34.121.113.135"
                }
              ],
              "private_ipv6_google_access": "",
              "project": "tp5-devops-dauphine",
              "release_channel": [
                {
                  "channel": "REGULAR"
                }
              ],
              "remove_default_node_pool": null,
              "resource_labels": {},
              "resource_usage_export_config": [],
              "security_posture_config": [
                {
                  "mode": "BASIC",
                  "vulnerability_mode": "VULNERABILITY_MODE_UNSPECIFIED"
                }
              ],
              "self_link": "https://container.googleapis.com/v1/projects/tp5-devops-dauphine/zones/us-central1-a/clusters/gke-dauphine",
              "service_external_ips_config": [
                {
                  "enabled": false
                }
              ],
              "services_ipv4_cidr": "34.118.224.0/20",
              "subnetwork": "projects/tp5-devops-dauphine/regions/us-central1/subnetworks/default",
              "tpu_ipv4_cidr_block": "",
              "vertical_pod_autoscaling": [],
              "workload_identity_config": []
            },
            "sensitive_attributes": []
          }
        ]
      },
      {
        "mode": "data",
        "type": "google_iam_policy",
        "name": "noauth",
        "provider": "provider[\"registry.terraform.io/hashicorp/google\"]",
        "instances": [
          {
            "schema_version": 0,
            "attributes": {
              "audit_config": null,
              "binding": [
                {
                  "condition": [],
                  "members": [
                    "allUsers"
                  ],
                  "role": "roles/run.invoker"
                }
              ],
              "id": "3450855414",
              "policy_data": "{\"bindings\":[{\"members\":[\"allUsers\"],\"role\":\"roles/run.invoker\"}]}"
            },
            "sensitive_attributes": []
          }
        ]
      },
      {
        "mode": "managed",
        "type": "google_artifact_registry_repository",
        "name": "website_tools",
        "provider": "provider[\"registry.terraform.io/hashicorp/google\"]",
        "instances": [
          {
            "schema_version": 0,
            "attributes": {
              "create_time": "2025-01-30T08:30:46.297641Z",
              "description": "Dépôt pour nos images WordPress",
              "docker_config": [],
              "format": "DOCKER",
              "id": "projects/tp5-devops-dauphine/locations/us-central1/repositories/website-tools",
              "kms_key_name": "",
              "labels": {},
              "location": "us-central1",
              "maven_config": [],
              "mode": "STANDARD_REPOSITORY",
              "name": "website-tools",
              "project": "tp5-devops-dauphine",
              "remote_repository_config": [],
              "repository_id": "website-tools",
              "timeouts": null,
              "update_time": "2025-01-30T09:10:07.594938Z",
              "virtual_repository_config": []
            },
            "sensitive_attributes": [],
            "private": "eyJlMmJmYjczMC1lY2FhLTExZTYtOGY4OC0zNDM2M2JjN2M0YzAiOnsiY3JlYXRlIjoxMjAwMDAwMDAwMDAwLCJkZWxldGUiOjEyMDAwMDAwMDAwMDAsInVwZGF0ZSI6MTIwMDAwMDAwMDAwMH19"
          }
        ]
      },
      {
        "mode": "managed",
        "type": "google_cloud_run_service",
        "name": "wordpress",
        "provider": "provider[\"registry.terraform.io/hashicorp/google\"]",
        "instances": [
          {
            "schema_version": 1,
            "attributes": {
              "autogenerate_revision_name": false,
              "id": "locations/us-central1/namespaces/tp5-devops-dauphine/services/serveur-wordpress",
              "location": "us-central1",
              "metadata": [
                {
                  "annotations": {
                    "run.googleapis.com/client-name": "cloud-console",
                    "run.googleapis.com/ingress": "all",
                    "run.googleapis.com/ingress-status": "all",
                    "run.googleapis.com/operation-id": "bab1a5bd-4d6c-4337-8d70-380430122fd6",
                    "run.googleapis.com/urls": "[\"https://serveur-wordpress-92252665293.us-central1.run.app\",\"https://serveur-wordpress-ez5m2pkumq-uc.a.run.app\"]",
                    "serving.knative.dev/creator": "ilyess.batal7@gmail.com",
                    "serving.knative.dev/lastModifier": "ilyess.batal7@gmail.com"
                  },
                  "generation": 2,
                  "labels": {
                    "cloud.googleapis.com/location": "us-central1"
                  },
                  "namespace": "tp5-devops-dauphine",
                  "resource_version": "AAYs6SM8uYI",
                  "self_link": "/apis/serving.knative.dev/v1/namespaces/92252665293/services/serveur-wordpress",
                  "uid": "bc46e5cd-f1ed-4360-8781-e61c1fbcb33e"
                }
              ],
              "name": "serveur-wordpress",
              "project": "tp5-devops-dauphine",
              "status": [
                {
                  "conditions": [
                    {
                      "message": "",
                      "reason": "",
                      "status": "True",
                      "type": "Ready"
                    },
                    {
                      "message": "",
                      "reason": "",
                      "status": "True",
                      "type": "ConfigurationsReady"
                    },
                    {
                      "message": "",
                      "reason": "",
                      "status": "True",
                      "type": "RoutesReady"
                    }
                  ],
                  "latest_created_revision_name": "serveur-wordpress-00002-pqh",
                  "latest_ready_revision_name": "serveur-wordpress-00002-pqh",
                  "observed_generation": 2,
                  "traffic": [
                    {
                      "latest_revision": true,
                      "percent": 100,
                      "revision_name": "serveur-wordpress-00002-pqh",
                      "tag": "",
                      "url": ""
                    }
                  ],
                  "url": "https://serveur-wordpress-ez5m2pkumq-uc.a.run.app"
                }
              ],
              "template": [
                {
                  "metadata": [
                    {
                      "annotations": {
                        "autoscaling.knative.dev/maxScale": "100",
                        "run.googleapis.com/client-name": "cloud-console",
                        "run.googleapis.com/startup-cpu-boost": "false"
                      },
                      "generation": 0,
                      "labels": {
                        "client.knative.dev/nonce": "e3406bfb-6b90-4ed1-900b-1af361ecef97",
                        "run.googleapis.com/startupProbeType": "Default"
                      },
                      "name": "",
                      "namespace": "",
                      "resource_version": "",
                      "self_link": "",
                      "uid": ""
                    }
                  ],
                  "spec": [
                    {
                      "container_concurrency": 80,
                      "containers": [
                        {
                          "args": [],
                          "command": [],
                          "env": [
                            {
                              "name": "WORDPRESS_DB_HOST",
                              "value": "104.154.20.193",
                              "value_from": []
                            },
                            {
                              "name": "WORDPRESS_DB_NAME",
                              "value": "wordpress",
                              "value_from": []
                            },
                            {
                              "name": "WORDPRESS_DB_PASSWORD",
                              "value": "ilovedevops",
                              "value_from": []
                            },
                            {
                              "name": "WORDPRESS_DB_USER",
                              "value": "wordpress",
                              "value_from": []
                            }
                          ],
                          "env_from": [],
                          "image": "us-central1-docker.pkg.dev/tp5-devops-dauphine/website-tools/wordpress-custom",
                          "liveness_probe": [],
                          "name": "wordpress-custom-1",
                          "ports": [
                            {
                              "container_port": 80,
                              "name": "http1",
                              "protocol": ""
                            }
                          ],
                          "resources": [
                            {
                              "limits": {
                                "cpu": "1000m",
                                "memory": "512Mi"
                              },
                              "requests": {}
                            }
                          ],
                          "startup_probe": [
                            {
                              "failure_threshold": 1,
                              "grpc": [],
                              "http_get": [],
                              "initial_delay_seconds": 0,
                              "period_seconds": 240,
                              "tcp_socket": [
                                {
                                  "port": 80
                                }
                              ],
                              "timeout_seconds": 240
                            }
                          ],
                          "volume_mounts": [],
                          "working_dir": ""
                        }
                      ],
                      "service_account_name": "92252665293-compute@developer.gserviceaccount.com",
                      "serving_state": "",
                      "timeout_seconds": 300,
                      "volumes": []
                    }
                  ]
                }
              ],
              "timeouts": null,
              "traffic": [
                {
                  "latest_revision": true,
                  "percent": 100,
                  "revision_name": "",
                  "tag": "",
                  "url": ""
                }
              ]
            },
            "sensitive_attributes": [],
            "private": "eyJlMmJmYjczMC1lY2FhLTExZTYtOGY4OC0zNDM2M2JjN2M0YzAiOnsiY3JlYXRlIjoxMjAwMDAwMDAwMDAwLCJkZWxldGUiOjEyMDAwMDAwMDAwMDAsInVwZGF0ZSI6MTIwMDAwMDAwMDAwMH0sInNjaGVtYV92ZXJzaW9uIjoiMSJ9"
          }
        ]
      },
      {
        "mode": "managed",
        "type": "google_cloud_run_service_iam_policy",
        "name": "noauth",
        "provider": "provider[\"registry.terraform.io/hashicorp/google\"]",
        "instances": [
          {
            "schema_version": 0,
            "attributes": {
              "etag": "BwYs6N3JXBI=",
              "id": "v1/projects/tp5-devops-dauphine/locations/us-central1/services/serveur-wordpress",
              "location": "us-central1",
              "policy_data": "{\"bindings\":[{\"members\":[\"allUsers\"],\"role\":\"roles/run.invoker\"}]}",
              "project": "tp5-devops-dauphine",
              "service": "v1/projects/tp5-devops-dauphine/locations/us-central1/services/serveur-wordpress"
            },
            "sensitive_attributes": [],
            "private": "bnVsbA==",
            "dependencies": [
              "data.google_iam_policy.noauth",
              "google_cloud_run_service.wordpress"
            ]
          }
        ]
      },
      {
        "mode": "managed",
        "type": "google_project_service",
        "name": "enable_apis",
        "provider": "provider[\"registry.terraform.io/hashicorp/google\"]",
        "instances": [
          {
            "index_key": "artifactregistry.googleapis.com",
            "schema_version": 0,
            "attributes": {
              "disable_dependent_services": null,
              "disable_on_destroy": false,
              "id": "tp5-devops-dauphine/artifactregistry.googleapis.com",
              "project": "tp5-devops-dauphine",
              "service": "artifactregistry.googleapis.com",
              "timeouts": null
            },
            "sensitive_attributes": [],
            "private": "eyJlMmJmYjczMC1lY2FhLTExZTYtOGY4OC0zNDM2M2JjN2M0YzAiOnsiY3JlYXRlIjoxMjAwMDAwMDAwMDAwLCJkZWxldGUiOjEyMDAwMDAwMDAwMDAsInJlYWQiOjYwMDAwMDAwMDAwMCwidXBkYXRlIjoxMjAwMDAwMDAwMDAwfX0="
          },
          {
            "index_key": "cloudbuild.googleapis.com",
            "schema_version": 0,
            "attributes": {
              "disable_dependent_services": null,
              "disable_on_destroy": false,
              "id": "tp5-devops-dauphine/cloudbuild.googleapis.com",
              "project": "tp5-devops-dauphine",
              "service": "cloudbuild.googleapis.com",
              "timeouts": null
            },
            "sensitive_attributes": [],
            "private": "eyJlMmJmYjczMC1lY2FhLTExZTYtOGY4OC0zNDM2M2JjN2M0YzAiOnsiY3JlYXRlIjoxMjAwMDAwMDAwMDAwLCJkZWxldGUiOjEyMDAwMDAwMDAwMDAsInJlYWQiOjYwMDAwMDAwMDAwMCwidXBkYXRlIjoxMjAwMDAwMDAwMDAwfX0="
          },
          {
            "index_key": "cloudresourcemanager.googleapis.com",
            "schema_version": 0,
            "attributes": {
              "disable_dependent_services": null,
              "disable_on_destroy": false,
              "id": "tp5-devops-dauphine/cloudresourcemanager.googleapis.com",
              "project": "tp5-devops-dauphine",
              "service": "cloudresourcemanager.googleapis.com",
              "timeouts": null
            },
            "sensitive_attributes": [],
            "private": "eyJlMmJmYjczMC1lY2FhLTExZTYtOGY4OC0zNDM2M2JjN2M0YzAiOnsiY3JlYXRlIjoxMjAwMDAwMDAwMDAwLCJkZWxldGUiOjEyMDAwMDAwMDAwMDAsInJlYWQiOjYwMDAwMDAwMDAwMCwidXBkYXRlIjoxMjAwMDAwMDAwMDAwfX0="
          },
          {
            "index_key": "run.googleapis.com",
            "schema_version": 0,
            "attributes": {
              "disable_dependent_services": null,
              "disable_on_destroy": false,
              "id": "tp5-devops-dauphine/run.googleapis.com",
              "project": "tp5-devops-dauphine",
              "service": "run.googleapis.com",
              "timeouts": null
            },
            "sensitive_attributes": [],
            "private": "eyJlMmJmYjczMC1lY2FhLTExZTYtOGY4OC0zNDM2M2JjN2M0YzAiOnsiY3JlYXRlIjoxMjAwMDAwMDAwMDAwLCJkZWxldGUiOjEyMDAwMDAwMDAwMDAsInJlYWQiOjYwMDAwMDAwMDAwMCwidXBkYXRlIjoxMjAwMDAwMDAwMDAwfX0="
          },
          {
            "index_key": "serviceusage.googleapis.com",
            "schema_version": 0,
            "attributes": {
              "disable_dependent_services": null,
              "disable_on_destroy": false,
              "id": "tp5-devops-dauphine/serviceusage.googleapis.com",
              "project": "tp5-devops-dauphine",
              "service": "serviceusage.googleapis.com",
              "timeouts": null
            },
            "sensitive_attributes": [],
            "private": "eyJlMmJmYjczMC1lY2FhLTExZTYtOGY4OC0zNDM2M2JjN2M0YzAiOnsiY3JlYXRlIjoxMjAwMDAwMDAwMDAwLCJkZWxldGUiOjEyMDAwMDAwMDAwMDAsInJlYWQiOjYwMDAwMDAwMDAwMCwidXBkYXRlIjoxMjAwMDAwMDAwMDAwfX0="
          },
          {
            "index_key": "sqladmin.googleapis.com",
            "schema_version": 0,
            "attributes": {
              "disable_dependent_services": null,
              "disable_on_destroy": false,
              "id": "tp5-devops-dauphine/sqladmin.googleapis.com",
              "project": "tp5-devops-dauphine",
              "service": "sqladmin.googleapis.com",
              "timeouts": null
            },
            "sensitive_attributes": [],
            "private": "eyJlMmJmYjczMC1lY2FhLTExZTYtOGY4OC0zNDM2M2JjN2M0YzAiOnsiY3JlYXRlIjoxMjAwMDAwMDAwMDAwLCJkZWxldGUiOjEyMDAwMDAwMDAwMDAsInJlYWQiOjYwMDAwMDAwMDAwMCwidXBkYXRlIjoxMjAwMDAwMDAwMDAwfX0="
          }
        ]
      },
      {
        "mode": "managed",
        "type": "google_sql_database",
        "name": "wordpress_db",
        "provider": "provider[\"registry.terraform.io/hashicorp/google\"]",
        "instances": [
          {
            "schema_version": 0,
            "attributes": {
              "charset": "utf8mb4",
              "collation": "utf8mb4_0900_ai_ci",
              "deletion_policy": "DELETE",
              "id": "projects/tp5-devops-dauphine/instances/main-instance/databases/wordpress",
              "instance": "main-instance",
              "name": "wordpress",
              "project": "tp5-devops-dauphine",
              "self_link": "https://sqladmin.googleapis.com/sql/v1beta4/projects/tp5-devops-dauphine/instances/main-instance/databases/wordpress",
              "timeouts": null
            },
            "sensitive_attributes": [],
            "private": "eyJlMmJmYjczMC1lY2FhLTExZTYtOGY4OC0zNDM2M2JjN2M0YzAiOnsiY3JlYXRlIjoxMjAwMDAwMDAwMDAwLCJkZWxldGUiOjEyMDAwMDAwMDAwMDAsInVwZGF0ZSI6MTIwMDAwMDAwMDAwMH19"
          }
        ]
      },
      {
        "mode": "managed",
        "type": "google_sql_user",
        "name": "wordpress_user",
        "provider": "provider[\"registry.terraform.io/hashicorp/google\"]",
        "instances": [
          {
            "schema_version": 1,
            "attributes": {
              "deletion_policy": null,
              "host": "",
              "id": "wordpress//main-instance",
              "instance": "main-instance",
              "name": "wordpress",
              "password": "ilovedevops",
              "password_policy": [],
              "project": "tp5-devops-dauphine",
              "sql_server_user_details": [],
              "timeouts": null,
              "type": ""
            },
            "sensitive_attributes": [],
            "private": "eyJlMmJmYjczMC1lY2FhLTExZTYtOGY4OC0zNDM2M2JjN2M0YzAiOnsiY3JlYXRlIjo2MDAwMDAwMDAwMDAsImRlbGV0ZSI6NjAwMDAwMDAwMDAwLCJ1cGRhdGUiOjYwMDAwMDAwMDAwMH0sInNjaGVtYV92ZXJzaW9uIjoiMSJ9"
          }
        ]
      },
      {
        "mode": "managed",
        "type": "kubernetes_deployment",
        "name": "mysql",
        "provider": "provider[\"registry.terraform.io/hashicorp/kubernetes\"]",
        "instances": [
          {
            "schema_version": 1,
            "attributes": {
              "id": "default/mysql",
              "metadata": [
                {
                  "annotations": null,
                  "generate_name": "",
                  "generation": 1,
                  "labels": {
                    "app": "mysql"
                  },
                  "name": "mysql",
                  "namespace": "default",
                  "resource_version": "83168",
                  "uid": "59eaf709-27dc-4e0c-86ae-0f33cc977644"
                }
              ],
              "spec": [
                {
                  "min_ready_seconds": 0,
                  "paused": false,
                  "progress_deadline_seconds": 600,
                  "replicas": "1",
                  "revision_history_limit": 10,
                  "selector": [
                    {
                      "match_expressions": [],
                      "match_labels": {
                        "app": "mysql"
                      }
                    }
                  ],
                  "strategy": [
                    {
                      "rolling_update": [
                        {
                          "max_surge": "25%",
                          "max_unavailable": "25%"
                        }
                      ],
                      "type": "RollingUpdate"
                    }
                  ],
                  "template": [
                    {
                      "metadata": [
                        {
                          "annotations": null,
                          "generate_name": "",
                          "generation": 0,
                          "labels": {
                            "app": "mysql"
                          },
                          "name": "",
                          "namespace": "",
                          "resource_version": "",
                          "uid": ""
                        }
                      ],
                      "spec": [
                        {
                          "active_deadline_seconds": 0,
                          "affinity": [],
                          "automount_service_account_token": true,
                          "container": [
                            {
                              "args": null,
                              "command": null,
                              "env": [
                                {
                                  "name": "MYSQL_ROOT_PASSWORD",
                                  "value": "rootpassword",
                                  "value_from": []
                                },
                                {
                                  "name": "MYSQL_DATABASE",
                                  "value": "wordpress",
                                  "value_from": []
                                },
                                {
                                  "name": "MYSQL_USER",
                                  "value": "wordpress",
                                  "value_from": []
                                },
                                {
                                  "name": "MYSQL_PASSWORD",
                                  "value": "ilovedevops",
                                  "value_from": []
                                }
                              ],
                              "env_from": [],
                              "image": "mysql:5.7",
                              "image_pull_policy": "IfNotPresent",
                              "lifecycle": [],
                              "liveness_probe": [],
                              "name": "mysql",
                              "port": [
                                {
                                  "container_port": 3306,
                                  "host_ip": "",
                                  "host_port": 0,
                                  "name": "",
                                  "protocol": "TCP"
                                }
                              ],
                              "readiness_probe": [],
                              "resources": [
                                {
                                  "limits": {},
                                  "requests": {}
                                }
                              ],
                              "security_context": [],
                              "startup_probe": [],
                              "stdin": false,
                              "stdin_once": false,
                              "termination_message_path": "/dev/termination-log",
                              "termination_message_policy": "File",
                              "tty": false,
                              "volume_device": [],
                              "volume_mount": [],
                              "working_dir": ""
                            }
                          ],
                          "dns_config": [],
                          "dns_policy": "ClusterFirst",
                          "enable_service_links": true,
                          "host_aliases": [],
                          "host_ipc": false,
                          "host_network": false,
                          "host_pid": false,
                          "hostname": "",
                          "image_pull_secrets": [],
                          "init_container": [],
                          "node_name": "",
                          "node_selector": null,
                          "os": [],
                          "priority_class_name": "",
                          "readiness_gate": [],
                          "restart_policy": "Always",
                          "runtime_class_name": "",
                          "scheduler_name": "default-scheduler",
                          "security_context": [],
                          "service_account_name": "",
                          "share_process_namespace": false,
                          "subdomain": "",
                          "termination_grace_period_seconds": 30,
                          "toleration": [],
                          "topology_spread_constraint": [],
                          "volume": []
                        }
                      ]
                    }
                  ]
                }
              ],
              "timeouts": null,
              "wait_for_rollout": true
            },
            "sensitive_attributes": [],
            "private": "eyJlMmJmYjczMC1lY2FhLTExZTYtOGY4OC0zNDM2M2JjN2M0YzAiOnsiY3JlYXRlIjo2MDAwMDAwMDAwMDAsImRlbGV0ZSI6NjAwMDAwMDAwMDAwLCJ1cGRhdGUiOjYwMDAwMDAwMDAwMH0sInNjaGVtYV92ZXJzaW9uIjoiMSJ9",
            "dependencies": [
              "data.google_client_config.default",
              "data.google_container_cluster.my_cluster"
            ]
          }
        ]
      },
      {
        "mode": "managed",
        "type": "kubernetes_deployment",
        "name": "wordpress",
        "provider": "provider[\"registry.terraform.io/hashicorp/kubernetes\"]",
        "instances": [
          {
            "schema_version": 1,
            "attributes": {
              "id": "default/wordpress",
              "metadata": [
                {
                  "annotations": null,
                  "generate_name": "",
                  "generation": 1,
                  "labels": {
                    "app": "wordpress"
                  },
                  "name": "wordpress",
                  "namespace": "default",
                  "resource_version": "83028",
                  "uid": "c3c30214-74ff-471f-a61a-09dc75531f33"
                }
              ],
              "spec": [
                {
                  "min_ready_seconds": 0,
                  "paused": false,
                  "progress_deadline_seconds": 600,
                  "replicas": "2",
                  "revision_history_limit": 10,
                  "selector": [
                    {
                      "match_expressions": [],
                      "match_labels": {
                        "app": "wordpress"
                      }
                    }
                  ],
                  "strategy": [
                    {
                      "rolling_update": [
                        {
                          "max_surge": "25%",
                          "max_unavailable": "25%"
                        }
                      ],
                      "type": "RollingUpdate"
                    }
                  ],
                  "template": [
                    {
                      "metadata": [
                        {
                          "annotations": null,
                          "generate_name": "",
                          "generation": 0,
                          "labels": {
                            "app": "wordpress"
                          },
                          "name": "",
                          "namespace": "",
                          "resource_version": "",
                          "uid": ""
                        }
                      ],
                      "spec": [
                        {
                          "active_deadline_seconds": 0,
                          "affinity": [],
                          "automount_service_account_token": true,
                          "container": [
                            {
                              "args": null,
                              "command": null,
                              "env": [
                                {
                                  "name": "WORDPRESS_DB_HOST",
                                  "value": "mysql-service",
                                  "value_from": []
                                },
                                {
                                  "name": "WORDPRESS_DB_USER",
                                  "value": "wordpress",
                                  "value_from": []
                                },
                                {
                                  "name": "WORDPRESS_DB_PASSWORD",
                                  "value": "ilovedevops",
                                  "value_from": []
                                },
                                {
                                  "name": "WORDPRESS_DB_NAME",
                                  "value": "wordpress",
                                  "value_from": []
                                }
                              ],
                              "env_from": [],
                              "image": "us-central1-docker.pkg.dev/tp5-devops-dauphine/website-tools/wordpress-custom",
                              "image_pull_policy": "Always",
                              "lifecycle": [],
                              "liveness_probe": [],
                              "name": "wordpress",
                              "port": [
                                {
                                  "container_port": 80,
                                  "host_ip": "",
                                  "host_port": 0,
                                  "name": "",
                                  "protocol": "TCP"
                                }
                              ],
                              "readiness_probe": [],
                              "resources": [
                                {
                                  "limits": {},
                                  "requests": {}
                                }
                              ],
                              "security_context": [],
                              "startup_probe": [],
                              "stdin": false,
                              "stdin_once": false,
                              "termination_message_path": "/dev/termination-log",
                              "termination_message_policy": "File",
                              "tty": false,
                              "volume_device": [],
                              "volume_mount": [],
                              "working_dir": ""
                            }
                          ],
                          "dns_config": [],
                          "dns_policy": "ClusterFirst",
                          "enable_service_links": true,
                          "host_aliases": [],
                          "host_ipc": false,
                          "host_network": false,
                          "host_pid": false,
                          "hostname": "",
                          "image_pull_secrets": [],
                          "init_container": [],
                          "node_name": "",
                          "node_selector": null,
                          "os": [],
                          "priority_class_name": "",
                          "readiness_gate": [],
                          "restart_policy": "Always",
                          "runtime_class_name": "",
                          "scheduler_name": "default-scheduler",
                          "security_context": [],
                          "service_account_name": "",
                          "share_process_namespace": false,
                          "subdomain": "",
                          "termination_grace_period_seconds": 30,
                          "toleration": [],
                          "topology_spread_constraint": [],
                          "volume": []
                        }
                      ]
                    }
                  ]
                }
              ],
              "timeouts": null,
              "wait_for_rollout": true
            },
            "sensitive_attributes": [],
            "private": "eyJlMmJmYjczMC1lY2FhLTExZTYtOGY4OC0zNDM2M2JjN2M0YzAiOnsiY3JlYXRlIjo2MDAwMDAwMDAwMDAsImRlbGV0ZSI6NjAwMDAwMDAwMDAwLCJ1cGRhdGUiOjYwMDAwMDAwMDAwMH0sInNjaGVtYV92ZXJzaW9uIjoiMSJ9",
            "dependencies": [
              "data.google_client_config.default",
              "data.google_container_cluster.my_cluster"
            ]
          }
        ]
      },
      {
        "mode": "managed",
        "type": "kubernetes_service",
        "name": "mysql",
        "provider": "provider[\"registry.terraform.io/hashicorp/kubernetes\"]",
        "instances": [
          {
            "schema_version": 1,
            "attributes": {
              "id": "default/mysql-service",
              "metadata": [
                {
                  "annotations": {
                    "cloud.google.com/neg": "{\"ingress\":true}"
                  },
                  "generate_name": "",
                  "generation": 0,
                  "labels": null,
                  "name": "mysql-service",
                  "namespace": "default",
                  "resource_version": "83426",
                  "uid": "02175797-e279-4e77-b129-f6236580831c"
                }
              ],
              "spec": [
                {
                  "allocate_load_balancer_node_ports": true,
                  "cluster_ip": "34.118.236.203",
                  "cluster_ips": [
                    "34.118.236.203"
                  ],
                  "external_ips": null,
                  "external_name": "",
                  "external_traffic_policy": "Cluster",
                  "health_check_node_port": 0,
                  "internal_traffic_policy": "Cluster",
                  "ip_families": [
                    "IPv4"
                  ],
                  "ip_family_policy": "SingleStack",
                  "load_balancer_class": "",
                  "load_balancer_ip": "",
                  "load_balancer_source_ranges": null,
                  "port": [
                    {
                      "app_protocol": "",
                      "name": "",
                      "node_port": 30667,
                      "port": 3306,
                      "protocol": "TCP",
                      "target_port": "3306"
                    }
                  ],
                  "publish_not_ready_addresses": false,
                  "selector": {
                    "app": "mysql"
                  },
                  "session_affinity": "None",
                  "session_affinity_config": [],
                  "type": "LoadBalancer"
                }
              ],
              "status": [
                {
                  "load_balancer": [
                    {
                      "ingress": [
                        {
                          "hostname": "",
                          "ip": "34.59.129.130"
                        }
                      ]
                    }
                  ]
                }
              ],
              "timeouts": null,
              "wait_for_load_balancer": true
            },
            "sensitive_attributes": [],
            "private": "eyJlMmJmYjczMC1lY2FhLTExZTYtOGY4OC0zNDM2M2JjN2M0YzAiOnsiY3JlYXRlIjo2MDAwMDAwMDAwMDB9LCJzY2hlbWFfdmVyc2lvbiI6IjEifQ==",
            "dependencies": [
              "data.google_client_config.default",
              "data.google_container_cluster.my_cluster"
            ]
          }
        ]
      },
      {
        "mode": "managed",
        "type": "kubernetes_service",
        "name": "wordpress",
        "provider": "provider[\"registry.terraform.io/hashicorp/kubernetes\"]",
        "instances": [
          {
            "schema_version": 1,
            "attributes": {
              "id": "default/wordpress-service",
              "metadata": [
                {
                  "annotations": {
                    "cloud.google.com/neg": "{\"ingress\":true}"
                  },
                  "generate_name": "",
                  "generation": 0,
                  "labels": null,
                  "name": "wordpress-service",
                  "namespace": "default",
                  "resource_version": "83388",
                  "uid": "3b2ec9e5-70b9-414e-9cda-f4d5c4fef7c9"
                }
              ],
              "spec": [
                {
                  "allocate_load_balancer_node_ports": true,
                  "cluster_ip": "34.118.226.232",
                  "cluster_ips": [
                    "34.118.226.232"
                  ],
                  "external_ips": null,
                  "external_name": "",
                  "external_traffic_policy": "Cluster",
                  "health_check_node_port": 0,
                  "internal_traffic_policy": "Cluster",
                  "ip_families": [
                    "IPv4"
                  ],
                  "ip_family_policy": "SingleStack",
                  "load_balancer_class": "",
                  "load_balancer_ip": "",
                  "load_balancer_source_ranges": null,
                  "port": [
                    {
                      "app_protocol": "",
                      "name": "",
                      "node_port": 32328,
                      "port": 80,
                      "protocol": "TCP",
                      "target_port": "80"
                    }
                  ],
                  "publish_not_ready_addresses": false,
                  "selector": {
                    "app": "wordpress"
                  },
                  "session_affinity": "None",
                  "session_affinity_config": [],
                  "type": "LoadBalancer"
                }
              ],
              "status": [
                {
                  "load_balancer": [
                    {
                      "ingress": [
                        {
                          "hostname": "",
                          "ip": "35.225.5.36"
                        }
                      ]
                    }
                  ]
                }
              ],
              "timeouts": null,
              "wait_for_load_balancer": true
            },
            "sensitive_attributes": [],
            "private": "eyJlMmJmYjczMC1lY2FhLTExZTYtOGY4OC0zNDM2M2JjN2M0YzAiOnsiY3JlYXRlIjo2MDAwMDAwMDAwMDB9LCJzY2hlbWFfdmVyc2lvbiI6IjEifQ==",
            "dependencies": [
              "data.google_client_config.default",
              "data.google_container_cluster.my_cluster"
            ]
          }
        ]
      }
    ],
    "check_results": null
  }